// !$*UTF8*$!
{
	archiveVersion = 1;
	classes = {
	};
	objectVersion = 56;
	objects = {

/* Begin PBXBuildFile section */
		1349AE142B7BA68100777844 /* MyPetApp.swift in Sources */ = {isa = PBXBuildFile; fileRef = 1349AE132B7BA68100777844 /* MyPetApp.swift */; };
		1349AE162B7BA68100777844 /* ContentView.swift in Sources */ = {isa = PBXBuildFile; fileRef = 1349AE152B7BA68100777844 /* ContentView.swift */; };
		1349AE182B7BA68300777844 /* Assets.xcassets in Resources */ = {isa = PBXBuildFile; fileRef = 1349AE172B7BA68300777844 /* Assets.xcassets */; };
		1349AE1B2B7BA68300777844 /* Preview Assets.xcassets in Resources */ = {isa = PBXBuildFile; fileRef = 1349AE1A2B7BA68300777844 /* Preview Assets.xcassets */; };
		1349AE252B7BA68300777844 /* MyPetTests.swift in Sources */ = {isa = PBXBuildFile; fileRef = 1349AE242B7BA68300777844 /* MyPetTests.swift */; };
		1349AE2F2B7BA68300777844 /* MyPetUITests.swift in Sources */ = {isa = PBXBuildFile; fileRef = 1349AE2E2B7BA68300777844 /* MyPetUITests.swift */; };
		1349AE312B7BA68300777844 /* MyPetUITestsLaunchTests.swift in Sources */ = {isa = PBXBuildFile; fileRef = 1349AE302B7BA68300777844 /* MyPetUITestsLaunchTests.swift */; };
		1349AE3E2B7BA8CE00777844 /* Pet.swift in Sources */ = {isa = PBXBuildFile; fileRef = 1349AE3D2B7BA8CE00777844 /* Pet.swift */; };
		1349AE402B7BAC3700777844 /* FizzBuzz.swift in Sources */ = {isa = PBXBuildFile; fileRef = 1349AE3F2B7BAC3700777844 /* FizzBuzz.swift */; };
		1349AE782B7CBF3800777844 /* NameDisplayView.swift in Sources */ = {isa = PBXBuildFile; fileRef = 1349AE772B7CBF3800777844 /* NameDisplayView.swift */; };
/* End PBXBuildFile section */

/* Begin PBXContainerItemProxy section */
		1349AE212B7BA68300777844 /* PBXContainerItemProxy */ = {
			isa = PBXContainerItemProxy;
			containerPortal = 1349AE082B7BA68100777844 /* Project object */;
			proxyType = 1;
			remoteGlobalIDString = 1349AE0F2B7BA68100777844;
			remoteInfo = MyPet;
		};
		1349AE2B2B7BA68300777844 /* PBXContainerItemProxy */ = {
			isa = PBXContainerItemProxy;
			containerPortal = 1349AE082B7BA68100777844 /* Project object */;
			proxyType = 1;
			remoteGlobalIDString = 1349AE0F2B7BA68100777844;
			remoteInfo = MyPet;
		};
/* End PBXContainerItemProxy section */

/* Begin PBXFileReference section */
		1349AE102B7BA68100777844 /* MyPet.app */ = {isa = PBXFileReference; explicitFileType = wrapper.application; includeInIndex = 0; path = MyPet.app; sourceTree = BUILT_PRODUCTS_DIR; };
		1349AE132B7BA68100777844 /* MyPetApp.swift */ = {isa = PBXFileReference; lastKnownFileType = sourcecode.swift; path = MyPetApp.swift; sourceTree = "<group>"; };
		1349AE152B7BA68100777844 /* ContentView.swift */ = {isa = PBXFileReference; lastKnownFileType = sourcecode.swift; path = ContentView.swift; sourceTree = "<group>"; };
		1349AE172B7BA68300777844 /* Assets.xcassets */ = {isa = PBXFileReference; lastKnownFileType = folder.assetcatalog; path = Assets.xcassets; sourceTree = "<group>"; };
		1349AE1A2B7BA68300777844 /* Preview Assets.xcassets */ = {isa = PBXFileReference; lastKnownFileType = folder.assetcatalog; path = "Preview Assets.xcassets"; sourceTree = "<group>"; };
		1349AE202B7BA68300777844 /* MyPetTests.xctest */ = {isa = PBXFileReference; explicitFileType = wrapper.cfbundle; includeInIndex = 0; path = MyPetTests.xctest; sourceTree = BUILT_PRODUCTS_DIR; };
		1349AE242B7BA68300777844 /* MyPetTests.swift */ = {isa = PBXFileReference; lastKnownFileType = sourcecode.swift; path = MyPetTests.swift; sourceTree = "<group>"; };
		1349AE2A2B7BA68300777844 /* MyPetUITests.xctest */ = {isa = PBXFileReference; explicitFileType = wrapper.cfbundle; includeInIndex = 0; path = MyPetUITests.xctest; sourceTree = BUILT_PRODUCTS_DIR; };
		1349AE2E2B7BA68300777844 /* MyPetUITests.swift */ = {isa = PBXFileReference; lastKnownFileType = sourcecode.swift; path = MyPetUITests.swift; sourceTree = "<group>"; };
		1349AE302B7BA68300777844 /* MyPetUITestsLaunchTests.swift */ = {isa = PBXFileReference; lastKnownFileType = sourcecode.swift; path = MyPetUITestsLaunchTests.swift; sourceTree = "<group>"; };
		1349AE3D2B7BA8CE00777844 /* Pet.swift */ = {isa = PBXFileReference; lastKnownFileType = sourcecode.swift; path = Pet.swift; sourceTree = "<group>"; };
		1349AE3F2B7BAC3700777844 /* FizzBuzz.swift */ = {isa = PBXFileReference; lastKnownFileType = sourcecode.swift; path = FizzBuzz.swift; sourceTree = "<group>"; };
		1349AE772B7CBF3800777844 /* NameDisplayView.swift */ = {isa = PBXFileReference; lastKnownFileType = sourcecode.swift; path = NameDisplayView.swift; sourceTree = "<group>"; };
/* End PBXFileReference section */

/* Begin PBXFrameworksBuildPhase section */
		1349AE0D2B7BA68100777844 /* Frameworks */ = {
			isa = PBXFrameworksBuildPhase;
			buildActionMask = 2147483647;
			files = (
			);
			runOnlyForDeploymentPostprocessing = 0;
		};
		1349AE1D2B7BA68300777844 /* Frameworks */ = {
			isa = PBXFrameworksBuildPhase;
			buildActionMask = 2147483647;
			files = (
			);
			runOnlyForDeploymentPostprocessing = 0;
		};
		1349AE272B7BA68300777844 /* Frameworks */ = {
			isa = PBXFrameworksBuildPhase;
			buildActionMask = 2147483647;
			files = (
			);
			runOnlyForDeploymentPostprocessing = 0;
		};
/* End PBXFrameworksBuildPhase section */

/* Begin PBXGroup section */
		1349AE072B7BA68100777844 = {
			isa = PBXGroup;
			children = (
				1349AE122B7BA68100777844 /* MyPet */,
				1349AE232B7BA68300777844 /* MyPetTests */,
				1349AE2D2B7BA68300777844 /* MyPetUITests */,
				1349AE112B7BA68100777844 /* Products */,
			);
			sourceTree = "<group>";
		};
		1349AE112B7BA68100777844 /* Products */ = {
			isa = PBXGroup;
			children = (
				1349AE102B7BA68100777844 /* MyPet.app */,
				1349AE202B7BA68300777844 /* MyPetTests.xctest */,
				1349AE2A2B7BA68300777844 /* MyPetUITests.xctest */,
			);
			name = Products;
			sourceTree = "<group>";
		};
		1349AE122B7BA68100777844 /* MyPet */ = {
			isa = PBXGroup;
			children = (
				1349AE132B7BA68100777844 /* MyPetApp.swift */,
				1349AE152B7BA68100777844 /* ContentView.swift */,
				1349AE172B7BA68300777844 /* Assets.xcassets */,
				1349AE192B7BA68300777844 /* Preview Content */,
				1349AE3D2B7BA8CE00777844 /* Pet.swift */,
				1349AE3F2B7BAC3700777844 /* FizzBuzz.swift */,
				1349AE772B7CBF3800777844 /* NameDisplayView.swift */,
			);
			path = MyPet;
			sourceTree = "<group>";
		};
		1349AE192B7BA68300777844 /* Preview Content */ = {
			isa = PBXGroup;
			children = (
				1349AE1A2B7BA68300777844 /* Preview Assets.xcassets */,
			);
			path = "Preview Content";
			sourceTree = "<group>";
		};
		1349AE232B7BA68300777844 /* MyPetTests */ = {
			isa = PBXGroup;
			children = (
				1349AE242B7BA68300777844 /* MyPetTests.swift */,
			);
			path = MyPetTests;
			sourceTree = "<group>";
		};
		1349AE2D2B7BA68300777844 /* MyPetUITests */ = {
			isa = PBXGroup;
			children = (
				1349AE2E2B7BA68300777844 /* MyPetUITests.swift */,
				1349AE302B7BA68300777844 /* MyPetUITestsLaunchTests.swift */,
			);
			path = MyPetUITests;
			sourceTree = "<group>";
		};
/* End PBXGroup section */

/* Begin PBXNativeTarget section */
		1349AE0F2B7BA68100777844 /* MyPet */ = {
			isa = PBXNativeTarget;
			buildConfigurationList = 1349AE342B7BA68300777844 /* Build configuration list for PBXNativeTarget "MyPet" */;
			buildPhases = (
				1349AE0C2B7BA68100777844 /* Sources */,
				1349AE0D2B7BA68100777844 /* Frameworks */,
				1349AE0E2B7BA68100777844 /* Resources */,
			);
			buildRules = (
			);
			dependencies = (
			);
			name = MyPet;
			productName = MyPet;
			productReference = 1349AE102B7BA68100777844 /* MyPet.app */;
			productType = "com.apple.product-type.application";
		};
		1349AE1F2B7BA68300777844 /* MyPetTests */ = {
			isa = PBXNativeTarget;
			buildConfigurationList = 1349AE372B7BA68300777844 /* Build configuration list for PBXNativeTarget "MyPetTests" */;
			buildPhases = (
				1349AE1C2B7BA68300777844 /* Sources */,
				1349AE1D2B7BA68300777844 /* Frameworks */,
				1349AE1E2B7BA68300777844 /* Resources */,
			);
			buildRules = (
			);
			dependencies = (
				1349AE222B7BA68300777844 /* PBXTargetDependency */,
			);
			name = MyPetTests;
			productName = MyPetTests;
			productReference = 1349AE202B7BA68300777844 /* MyPetTests.xctest */;
			productType = "com.apple.product-type.bundle.unit-test";
		};
		1349AE292B7BA68300777844 /* MyPetUITests */ = {
			isa = PBXNativeTarget;
			buildConfigurationList = 1349AE3A2B7BA68300777844 /* Build configuration list for PBXNativeTarget "MyPetUITests" */;
			buildPhases = (
				1349AE262B7BA68300777844 /* Sources */,
				1349AE272B7BA68300777844 /* Frameworks */,
				1349AE282B7BA68300777844 /* Resources */,
			);
			buildRules = (
			);
			dependencies = (
				1349AE2C2B7BA68300777844 /* PBXTargetDependency */,
			);
			name = MyPetUITests;
			productName = MyPetUITests;
			productReference = 1349AE2A2B7BA68300777844 /* MyPetUITests.xctest */;
			productType = "com.apple.product-type.bundle.ui-testing";
		};
/* End PBXNativeTarget section */

/* Begin PBXProject section */
		1349AE082B7BA68100777844 /* Project object */ = {
			isa = PBXProject;
			attributes = {
				BuildIndependentTargetsInParallel = 1;
				LastSwiftUpdateCheck = 1520;
				LastUpgradeCheck = 1520;
				TargetAttributes = {
					1349AE0F2B7BA68100777844 = {
						CreatedOnToolsVersion = 15.2;
					};
					1349AE1F2B7BA68300777844 = {
						CreatedOnToolsVersion = 15.2;
						TestTargetID = 1349AE0F2B7BA68100777844;
					};
					1349AE292B7BA68300777844 = {
						CreatedOnToolsVersion = 15.2;
						TestTargetID = 1349AE0F2B7BA68100777844;
					};
				};
			};
			buildConfigurationList = 1349AE0B2B7BA68100777844 /* Build configuration list for PBXProject "MyPet" */;
			compatibilityVersion = "Xcode 14.0";
			developmentRegion = en;
			hasScannedForEncodings = 0;
			knownRegions = (
				en,
				Base,
			);
			mainGroup = 1349AE072B7BA68100777844;
			productRefGroup = 1349AE112B7BA68100777844 /* Products */;
			projectDirPath = "";
			projectRoot = "";
			targets = (
				1349AE0F2B7BA68100777844 /* MyPet */,
				1349AE1F2B7BA68300777844 /* MyPetTests */,
				1349AE292B7BA68300777844 /* MyPetUITests */,
			);
		};
/* End PBXProject section */

/* Begin PBXResourcesBuildPhase section */
		1349AE0E2B7BA68100777844 /* Resources */ = {
			isa = PBXResourcesBuildPhase;
			buildActionMask = 2147483647;
			files = (
				1349AE1B2B7BA68300777844 /* Preview Assets.xcassets in Resources */,
				1349AE182B7BA68300777844 /* Assets.xcassets in Resources */,
			);
			runOnlyForDeploymentPostprocessing = 0;
		};
		1349AE1E2B7BA68300777844 /* Resources */ = {
			isa = PBXResourcesBuildPhase;
			buildActionMask = 2147483647;
			files = (
			);
			runOnlyForDeploymentPostprocessing = 0;
		};
		1349AE282B7BA68300777844 /* Resources */ = {
			isa = PBXResourcesBuildPhase;
			buildActionMask = 2147483647;
			files = (
			);
			runOnlyForDeploymentPostprocessing = 0;
		};
/* End PBXResourcesBuildPhase section */

/* Begin PBXSourcesBuildPhase section */
		1349AE0C2B7BA68100777844 /* Sources */ = {
			isa = PBXSourcesBuildPhase;
			buildActionMask = 2147483647;
			files = (
				1349AE782B7CBF3800777844 /* NameDisplayView.swift in Sources */,
				1349AE3E2B7BA8CE00777844 /* Pet.swift in Sources */,
				1349AE162B7BA68100777844 /* ContentView.swift in Sources */,
				1349AE142B7BA68100777844 /* MyPetApp.swift in Sources */,
				1349AE402B7BAC3700777844 /* FizzBuzz.swift in Sources */,
			);
			runOnlyForDeploymentPostprocessing = 0;
		};
		1349AE1C2B7BA68300777844 /* Sources */ = {
			isa = PBXSourcesBuildPhase;
			buildActionMask = 2147483647;
			files = (
				1349AE252B7BA68300777844 /* MyPetTests.swift in Sources */,
			);
			runOnlyForDeploymentPostprocessing = 0;
		};
		1349AE262B7BA68300777844 /* Sources */ = {
			isa = PBXSourcesBuildPhase;
			buildActionMask = 2147483647;
			files = (
				1349AE312B7BA68300777844 /* MyPetUITestsLaunchTests.swift in Sources */,
				1349AE2F2B7BA68300777844 /* MyPetUITests.swift in Sources */,
			);
			runOnlyForDeploymentPostprocessing = 0;
		};
/* End PBXSourcesBuildPhase section */

/* Begin PBXTargetDependency section */
		1349AE222B7BA68300777844 /* PBXTargetDependency */ = {
			isa = PBXTargetDependency;
			target = 1349AE0F2B7BA68100777844 /* MyPet */;
			targetProxy = 1349AE212B7BA68300777844 /* PBXContainerItemProxy */;
		};
		1349AE2C2B7BA68300777844 /* PBXTargetDependency */ = {
			isa = PBXTargetDependency;
			target = 1349AE0F2B7BA68100777844 /* MyPet */;
			targetProxy = 1349AE2B2B7BA68300777844 /* PBXContainerItemProxy */;
		};
/* End PBXTargetDependency section */

/* Begin XCBuildConfiguration section */
		1349AE322B7BA68300777844 /* Debug */ = {
			isa = XCBuildConfiguration;
			buildSettings = {
				ALWAYS_SEARCH_USER_PATHS = NO;
				ASSETCATALOG_COMPILER_GENERATE_SWIFT_ASSET_SYMBOL_EXTENSIONS = YES;
				CLANG_ANALYZER_NONNULL = YES;
				CLANG_ANALYZER_NUMBER_OBJECT_CONVERSION = YES_AGGRESSIVE;
				CLANG_CXX_LANGUAGE_STANDARD = "gnu++20";
				CLANG_ENABLE_MODULES = YES;
				CLANG_ENABLE_OBJC_ARC = YES;
				CLANG_ENABLE_OBJC_WEAK = YES;
				CLANG_WARN_BLOCK_CAPTURE_AUTORELEASING = YES;
				CLANG_WARN_BOOL_CONVERSION = YES;
				CLANG_WARN_COMMA = YES;
				CLANG_WARN_CONSTANT_CONVERSION = YES;
				CLANG_WARN_DEPRECATED_OBJC_IMPLEMENTATIONS = YES;
				CLANG_WARN_DIRECT_OBJC_ISA_USAGE = YES_ERROR;
				CLANG_WARN_DOCUMENTATION_COMMENTS = YES;
				CLANG_WARN_EMPTY_BODY = YES;
				CLANG_WARN_ENUM_CONVERSION = YES;
				CLANG_WARN_INFINITE_RECURSION = YES;
				CLANG_WARN_INT_CONVERSION = YES;
				CLANG_WARN_NON_LITERAL_NULL_CONVERSION = YES;
				CLANG_WARN_OBJC_IMPLICIT_RETAIN_SELF = YES;
				CLANG_WARN_OBJC_LITERAL_CONVERSION = YES;
				CLANG_WARN_OBJC_ROOT_CLASS = YES_ERROR;
				CLANG_WARN_QUOTED_INCLUDE_IN_FRAMEWORK_HEADER = YES;
				CLANG_WARN_RANGE_LOOP_ANALYSIS = YES;
				CLANG_WARN_STRICT_PROTOTYPES = YES;
				CLANG_WARN_SUSPICIOUS_MOVE = YES;
				CLANG_WARN_UNGUARDED_AVAILABILITY = YES_AGGRESSIVE;
				CLANG_WARN_UNREACHABLE_CODE = YES;
				CLANG_WARN__DUPLICATE_METHOD_MATCH = YES;
				COPY_PHASE_STRIP = NO;
				DEBUG_INFORMATION_FORMAT = dwarf;
				ENABLE_STRICT_OBJC_MSGSEND = YES;
				ENABLE_TESTABILITY = YES;
				ENABLE_USER_SCRIPT_SANDBOXING = YES;
				GCC_C_LANGUAGE_STANDARD = gnu17;
				GCC_DYNAMIC_NO_PIC = NO;
				GCC_NO_COMMON_BLOCKS = YES;
				GCC_OPTIMIZATION_LEVEL = 0;
				GCC_PREPROCESSOR_DEFINITIONS = (
					"DEBUG=1",
					"$(inherited)",
				);
				GCC_WARN_64_TO_32_BIT_CONVERSION = YES;
				GCC_WARN_ABOUT_RETURN_TYPE = YES_ERROR;
				GCC_WARN_UNDECLARED_SELECTOR = YES;
				GCC_WARN_UNINITIALIZED_AUTOS = YES_AGGRESSIVE;
				GCC_WARN_UNUSED_FUNCTION = YES;
				GCC_WARN_UNUSED_VARIABLE = YES;
				IPHONEOS_DEPLOYMENT_TARGET = 17.2;
				LOCALIZATION_PREFERS_STRING_CATALOGS = YES;
				MTL_ENABLE_DEBUG_INFO = INCLUDE_SOURCE;
				MTL_FAST_MATH = YES;
				ONLY_ACTIVE_ARCH = YES;
				SDKROOT = iphoneos;
				SWIFT_ACTIVE_COMPILATION_CONDITIONS = "DEBUG $(inherited)";
				SWIFT_OPTIMIZATION_LEVEL = "-Onone";
			};
			name = Debug;
		};
		1349AE332B7BA68300777844 /* Release */ = {
			isa = XCBuildConfiguration;
			buildSettings = {
				ALWAYS_SEARCH_USER_PATHS = NO;
				ASSETCATALOG_COMPILER_GENERATE_SWIFT_ASSET_SYMBOL_EXTENSIONS = YES;
				CLANG_ANALYZER_NONNULL = YES;
				CLANG_ANALYZER_NUMBER_OBJECT_CONVERSION = YES_AGGRESSIVE;
				CLANG_CXX_LANGUAGE_STANDARD = "gnu++20";
				CLANG_ENABLE_MODULES = YES;
				CLANG_ENABLE_OBJC_ARC = YES;
				CLANG_ENABLE_OBJC_WEAK = YES;
				CLANG_WARN_BLOCK_CAPTURE_AUTORELEASING = YES;
				CLANG_WARN_BOOL_CONVERSION = YES;
				CLANG_WARN_COMMA = YES;
				CLANG_WARN_CONSTANT_CONVERSION = YES;
				CLANG_WARN_DEPRECATED_OBJC_IMPLEMENTATIONS = YES;
				CLANG_WARN_DIRECT_OBJC_ISA_USAGE = YES_ERROR;
				CLANG_WARN_DOCUMENTATION_COMMENTS = YES;
				CLANG_WARN_EMPTY_BODY = YES;
				CLANG_WARN_ENUM_CONVERSION = YES;
				CLANG_WARN_INFINITE_RECURSION = YES;
				CLANG_WARN_INT_CONVERSION = YES;
				CLANG_WARN_NON_LITERAL_NULL_CONVERSION = YES;
				CLANG_WARN_OBJC_IMPLICIT_RETAIN_SELF = YES;
				CLANG_WARN_OBJC_LITERAL_CONVERSION = YES;
				CLANG_WARN_OBJC_ROOT_CLASS = YES_ERROR;
				CLANG_WARN_QUOTED_INCLUDE_IN_FRAMEWORK_HEADER = YES;
				CLANG_WARN_RANGE_LOOP_ANALYSIS = YES;
				CLANG_WARN_STRICT_PROTOTYPES = YES;
				CLANG_WARN_SUSPICIOUS_MOVE = YES;
				CLANG_WARN_UNGUARDED_AVAILABILITY = YES_AGGRESSIVE;
				CLANG_WARN_UNREACHABLE_CODE = YES;
				CLANG_WARN__DUPLICATE_METHOD_MATCH = YES;
				COPY_PHASE_STRIP = NO;
				DEBUG_INFORMATION_FORMAT = "dwarf-with-dsym";
				ENABLE_NS_ASSERTIONS = NO;
				ENABLE_STRICT_OBJC_MSGSEND = YES;
				ENABLE_USER_SCRIPT_SANDBOXING = YES;
				GCC_C_LANGUAGE_STANDARD = gnu17;
				GCC_NO_COMMON_BLOCKS = YES;
				GCC_WARN_64_TO_32_BIT_CONVERSION = YES;
				GCC_WARN_ABOUT_RETURN_TYPE = YES_ERROR;
				GCC_WARN_UNDECLARED_SELECTOR = YES;
				GCC_WARN_UNINITIALIZED_AUTOS = YES_AGGRESSIVE;
				GCC_WARN_UNUSED_FUNCTION = YES;
				GCC_WARN_UNUSED_VARIABLE = YES;
				IPHONEOS_DEPLOYMENT_TARGET = 17.2;
				LOCALIZATION_PREFERS_STRING_CATALOGS = YES;
				MTL_ENABLE_DEBUG_INFO = NO;
				MTL_FAST_MATH = YES;
				SDKROOT = iphoneos;
				SWIFT_COMPILATION_MODE = wholemodule;
				VALIDATE_PRODUCT = YES;
			};
			name = Release;
		};
		1349AE352B7BA68300777844 /* Debug */ = {
			isa = XCBuildConfiguration;
			buildSettings = {
				ASSETCATALOG_COMPILER_APPICON_NAME = AppIcon;
				ASSETCATALOG_COMPILER_GLOBAL_ACCENT_COLOR_NAME = AccentColor;
				CODE_SIGN_STYLE = Automatic;
				CURRENT_PROJECT_VERSION = 1;
				DEVELOPMENT_ASSET_PATHS = "\"MyPet/Preview Content\"";
				ENABLE_PREVIEWS = YES;
				GENERATE_INFOPLIST_FILE = YES;
				INFOPLIST_KEY_UIApplicationSceneManifest_Generation = YES;
				INFOPLIST_KEY_UIApplicationSupportsIndirectInputEvents = YES;
				INFOPLIST_KEY_UILaunchScreen_Generation = YES;
				INFOPLIST_KEY_UISupportedInterfaceOrientations_iPad = "UIInterfaceOrientationPortrait UIInterfaceOrientationPortraitUpsideDown UIInterfaceOrientationLandscapeLeft UIInterfaceOrientationLandscapeRight";
				INFOPLIST_KEY_UISupportedInterfaceOrientations_iPhone = "UIInterfaceOrientationPortrait UIInterfaceOrientationLandscapeLeft UIInterfaceOrientationLandscapeRight";
				LD_RUNPATH_SEARCH_PATHS = (
					"$(inherited)",
					"@executable_path/Frameworks",
				);
				MARKETING_VERSION = 1.0;
				PRODUCT_BUNDLE_IDENTIFIER = demetrius.MyPet;
				PRODUCT_NAME = "$(TARGET_NAME)";
				SWIFT_EMIT_LOC_STRINGS = YES;
				SWIFT_VERSION = 5.0;
				TARGETED_DEVICE_FAMILY = "1,2";
			};
			name = Debug;
		};
		1349AE362B7BA68300777844 /* Release */ = {
			isa = XCBuildConfiguration;
			buildSettings = {
				ASSETCATALOG_COMPILER_APPICON_NAME = AppIcon;
				ASSETCATALOG_COMPILER_GLOBAL_ACCENT_COLOR_NAME = AccentColor;
				CODE_SIGN_STYLE = Automatic;
				CURRENT_PROJECT_VERSION = 1;
				DEVELOPMENT_ASSET_PATHS = "\"MyPet/Preview Content\"";
				ENABLE_PREVIEWS = YES;
				GENERATE_INFOPLIST_FILE = YES;
				INFOPLIST_KEY_UIApplicationSceneManifest_Generation = YES;
				INFOPLIST_KEY_UIApplicationSupportsIndirectInputEvents = YES;
				INFOPLIST_KEY_UILaunchScreen_Generation = YES;
				INFOPLIST_KEY_UISupportedInterfaceOrientations_iPad = "UIInterfaceOrientationPortrait UIInterfaceOrientationPortraitUpsideDown UIInterfaceOrientationLandscapeLeft UIInterfaceOrientationLandscapeRight";
				INFOPLIST_KEY_UISupportedInterfaceOrientations_iPhone = "UIInterfaceOrientationPortrait UIInterfaceOrientationLandscapeLeft UIInterfaceOrientationLandscapeRight";
				LD_RUNPATH_SEARCH_PATHS = (
					"$(inherited)",
					"@executable_path/Frameworks",
				);
				MARKETING_VERSION = 1.0;
				PRODUCT_BUNDLE_IDENTIFIER = demetrius.MyPet;
				PRODUCT_NAME = "$(TARGET_NAME)";
				SWIFT_EMIT_LOC_STRINGS = YES;
				SWIFT_VERSION = 5.0;
				TARGETED_DEVICE_FAMILY = "1,2";
			};
			name = Release;
		};
		1349AE382B7BA68300777844 /* Debug */ = {
			isa = XCBuildConfiguration;
			buildSettings = {
				ALWAYS_EMBED_SWIFT_STANDARD_LIBRARIES = YES;
				BUNDLE_LOADER = "$(TEST_HOST)";
				CODE_SIGN_STYLE = Automatic;
				CURRENT_PROJECT_VERSION = 1;
				GENERATE_INFOPLIST_FILE = YES;
				IPHONEOS_DEPLOYMENT_TARGET = 17.2;
				MARKETING_VERSION = 1.0;
				PRODUCT_BUNDLE_IDENTIFIER = demetrius.MyPetTests;
				PRODUCT_NAME = "$(TARGET_NAME)";
				SWIFT_EMIT_LOC_STRINGS = NO;
				SWIFT_VERSION = 5.0;
				TARGETED_DEVICE_FAMILY = "1,2";
				TEST_HOST = "$(BUILT_PRODUCTS_DIR)/MyPet.app/$(BUNDLE_EXECUTABLE_FOLDER_PATH)/MyPet";
			};
			name = Debug;
		};
		1349AE392B7BA68300777844 /* Release */ = {
			isa = XCBuildConfiguration;
			buildSettings = {
				ALWAYS_EMBED_SWIFT_STANDARD_LIBRARIES = YES;
				BUNDLE_LOADER = "$(TEST_HOST)";
				CODE_SIGN_STYLE = Automatic;
				CURRENT_PROJECT_VERSION = 1;
				GENERATE_INFOPLIST_FILE = YES;
				IPHONEOS_DEPLOYMENT_TARGET = 17.2;
				MARKETING_VERSION = 1.0;
				PRODUCT_BUNDLE_IDENTIFIER = demetrius.MyPetTests;
				PRODUCT_NAME = "$(TARGET_NAME)";
				SWIFT_EMIT_LOC_STRINGS = NO;
				SWIFT_VERSION = 5.0;
				TARGETED_DEVICE_FAMILY = "1,2";
				TEST_HOST = "$(BUILT_PRODUCTS_DIR)/MyPet.app/$(BUNDLE_EXECUTABLE_FOLDER_PATH)/MyPet";
			};
			name = Release;
		};
		1349AE3B2B7BA68300777844 /* Debug */ = {
			isa = XCBuildConfiguration;
			buildSettings = {
				ALWAYS_EMBED_SWIFT_STANDARD_LIBRARIES = YES;
				CODE_SIGN_STYLE = Automatic;
				CURRENT_PROJECT_VERSION = 1;
				GENERATE_INFOPLIST_FILE = YES;
				MARKETING_VERSION = 1.0;
				PRODUCT_BUNDLE_IDENTIFIER = demetrius.MyPetUITests;
				PRODUCT_NAME = "$(TARGET_NAME)";
				SWIFT_EMIT_LOC_STRINGS = NO;
				SWIFT_VERSION = 5.0;
				TARGETED_DEVICE_FAMILY = "1,2";
				TEST_TARGET_NAME = MyPet;
			};
			name = Debug;
		};
		1349AE3C2B7BA68300777844 /* Release */ = {
			isa = XCBuildConfiguration;
			buildSettings = {
				ALWAYS_EMBED_SWIFT_STANDARD_LIBRARIES = YES;
				CODE_SIGN_STYLE = Automatic;
				CURRENT_PROJECT_VERSION = 1;
				GENERATE_INFOPLIST_FILE = YES;
				MARKETING_VERSION = 1.0;
				PRODUCT_BUNDLE_IDENTIFIER = demetrius.MyPetUITests;
				PRODUCT_NAME = "$(TARGET_NAME)";
				SWIFT_EMIT_LOC_STRINGS = NO;
				SWIFT_VERSION = 5.0;
				TARGETED_DEVICE_FAMILY = "1,2";
				TEST_TARGET_NAME = MyPet;
			};
			name = Release;
		};
/* End XCBuildConfiguration section */

/* Begin XCConfigurationList section */
		1349AE0B2B7BA68100777844 /* Build configuration list for PBXProject "MyPet" */ = {
			isa = XCConfigurationList;
			buildConfigurations = (
				1349AE322B7BA68300777844 /* Debug */,
				1349AE332B7BA68300777844 /* Release */,
			);
			defaultConfigurationIsVisible = 0;
			defaultConfigurationName = Release;
		};
		1349AE342B7BA68300777844 /* Build configuration list for PBXNativeTarget "MyPet" */ = {
			isa = XCConfigurationList;
			buildConfigurations = (
				1349AE352B7BA68300777844 /* Debug */,
				1349AE362B7BA68300777844 /* Release */,
			);
			defaultConfigurationIsVisible = 0;
			defaultConfigurationName = Release;
		};
		1349AE372B7BA68300777844 /* Build configuration list for PBXNativeTarget "MyPetTests" */ = {
			isa = XCConfigurationList;
			buildConfigurations = (
				1349AE382B7BA68300777844 /* Debug */,
				1349AE392B7BA68300777844 /* Release */,
			);
			defaultConfigurationIsVisible = 0;
			defaultConfigurationName = Release;
		};
		1349AE3A2B7BA68300777844 /* Build configuration list for PBXNativeTarget "MyPetUITests" */ = {
			isa = XCConfigurationList;
			buildConfigurations = (
				1349AE3B2B7BA68300777844 /* Debug */,
				1349AE3C2B7BA68300777844 /* Release */,
			);
			defaultConfigurationIsVisible = 0;
			defaultConfigurationName = Release;
		};
/* End XCConfigurationList section */
	};
	rootObject = 1349AE082B7BA68100777844 /* Project object */;
}
